
Microsoft Visual Studio Solution File, Format Version 12.00
# Visual Studio Version 16
VisualStudioVersion = 16.0.30804.86
MinimumVisualStudioVersion = 10.0.40219.1
Project("{8BC9CEB8-8B4A-11D0-8D11-00A0C91BC942}") = "Project_Final", "Project_Final\Project_Final.vcxproj", "{CBDCCF54-7470-40E4-9742-07450C37267D}"
EndProject
Global
	GlobalSection(SolutionConfigurationPlatforms) = preSolution
		Debug|x64 = Debug|x64
		Debug|x86 = Debug|x86
		Release|x64 = Release|x64
		Release|x86 = Release|x86
	EndGlobalSection
	GlobalSection(ProjectConfigurationPlatforms) = postSolution
		{CBDCCF54-7470-40E4-9742-07450C37267D}.Debug|x64.ActiveCfg = Debug|x64
		{CBDCCF54-7470-40E4-9742-07450C37267D}.Debug|x64.Build.0 = Debug|x64
		{CBDCCF54-7470-40E4-9742-07450C37267D}.Debug|x86.ActiveCfg = Debug|Win32
		{CBDCCF54-7470-40E4-9742-07450C37267D}.Debug|x86.Build.0 = Debug|Win32
		{CBDCCF54-7470-40E4-9742-07450C37267D}.Release|x64.ActiveCfg = Release|x64
		{CBDCCF54-7470-40E4-9742-07450C37267D}.Release|x64.Build.0 = Release|x64
		{CBDCCF54-7470-40E4-9742-07450C37267D}.Release|x86.ActiveCfg = Release|Win32
		{CBDCCF54-7470-40E4-9742-07450C37267D}.Release|x86.Build.0 = Release|Win32
	EndGlobalSection
	GlobalSection(SolutionProperties) = preSolution
		HideSolutionNode = FALSE
	EndGlobalSection
	GlobalSection(ExtensibilityGlobals) = postSolution
		SolutionGuid = {30EE999C-0F47-4BD3-A3D3-60B325CC8249}
	EndGlobalSection
EndGlobal
